
Microsoft Visual Studio Solution File, Format Version 12.00
# Visual Studio Version 16
VisualStudioVersion = 16.0.29613.14
MinimumVisualStudioVersion = 10.0.40219.1
Project("{FAE04EC0-301F-11D3-BF4B-00C04F79EFBC}") = "UE4-Locres-Unpacker", "UE4-Locres-Unpacker\UE4-Locres-Unpacker.csproj", "{3462E8E7-B43B-43B2-98E7-CCE49A15F4FD}"
EndProject
Global
	GlobalSection(SolutionConfigurationPlatforms) = preSolution
		Debug|Any CPU = Debug|Any CPU
		Release|Any CPU = Release|Any CPU
	EndGlobalSection
	GlobalSection(ProjectConfigurationPlatforms) = postSolution
		{3462E8E7-B43B-43B2-98E7-CCE49A15F4FD}.Debug|Any CPU.ActiveCfg = Debug|Any CPU
		{3462E8E7-B43B-43B2-98E7-CCE49A15F4FD}.Debug|Any CPU.Build.0 = Debug|Any CPU
		{3462E8E7-B43B-43B2-98E7-CCE49A15F4FD}.Release|Any CPU.ActiveCfg = Release|Any CPU
		{3462E8E7-B43B-43B2-98E7-CCE49A15F4FD}.Release|Any CPU.Build.0 = Release|Any CPU
	EndGlobalSection
	GlobalSection(SolutionProperties) = preSolution
		HideSolutionNode = FALSE
	EndGlobalSection
	GlobalSection(ExtensibilityGlobals) = postSolution
		SolutionGuid = {B13B35B6-E81F-4ADD-ABB2-E8DD35082A26}
	EndGlobalSection
EndGlobal
